
Microsoft Visual Studio Solution File, Format Version 12.00
# Visual Studio Version 16
VisualStudioVersion = 16.0.30114.105
MinimumVisualStudioVersion = 10.0.40219.1
Project("{FAE04EC0-301F-11D3-BF4B-00C04F79EFBC}") = "ConsoleApp6", "ConsoleApp6\ConsoleApp6.csproj", "{EF4749A5-23AD-4F91-9362-BD28F0A5A142}"
EndProject
Global
	GlobalSection(SolutionConfigurationPlatforms) = preSolution
		Debug|Any CPU = Debug|Any CPU
		Release|Any CPU = Release|Any CPU
	EndGlobalSection
	GlobalSection(ProjectConfigurationPlatforms) = postSolution
		{EF4749A5-23AD-4F91-9362-BD28F0A5A142}.Debug|Any CPU.ActiveCfg = Debug|Any CPU
		{EF4749A5-23AD-4F91-9362-BD28F0A5A142}.Debug|Any CPU.Build.0 = Debug|Any CPU
		{EF4749A5-23AD-4F91-9362-BD28F0A5A142}.Release|Any CPU.ActiveCfg = Release|Any CPU
		{EF4749A5-23AD-4F91-9362-BD28F0A5A142}.Release|Any CPU.Build.0 = Release|Any CPU
	EndGlobalSection
	GlobalSection(SolutionProperties) = preSolution
		HideSolutionNode = FALSE
	EndGlobalSection
	GlobalSection(ExtensibilityGlobals) = postSolution
		SolutionGuid = {74086F46-72F1-4714-8321-D75E58B70ABD}
	EndGlobalSection
EndGlobal
